
Microsoft Visual Studio Solution File, Format Version 12.00
# Visual Studio Version 17
VisualStudioVersion = 17.9.34728.123
MinimumVisualStudioVersion = 10.0.40219.1
Project("{9A19103F-16F7-4668-BE54-9A1E7A4F7556}") = "GalacticUniversity", "GalacticUniversity\GalacticUniversity.csproj", "{62430E3B-1C1C-43EE-B623-85F46F085459}"
EndProject
Project("{FAE04EC0-301F-11D3-BF4B-00C04F79EFBC}") = "GalacticUniversity.Models", "GalacticUniversity.Models\GalacticUniversity.Models.csproj", "{7D84F1D5-5A91-4A6E-A7AD-0E23EC44D5E7}"
EndProject
Project("{FAE04EC0-301F-11D3-BF4B-00C04F79EFBC}") = "GalacticUniversity.Core", "GalacticUniversity.Core\GalacticUniversity.Core.csproj", "{E328AC95-4A34-49D8-A7A7-9109AEA4132F}"
EndProject
Project("{FAE04EC0-301F-11D3-BF4B-00C04F79EFBC}") = "GalacticUniversity.DataAccess", "GalacticUniversity.DataAccess\GalacticUniversity.DataAccess.csproj", "{A79BDA45-9D96-45A7-A49B-FB8412DC9E60}"
EndProject
Global
	GlobalSection(SolutionConfigurationPlatforms) = preSolution
		Debug|Any CPU = Debug|Any CPU
		Release|Any CPU = Release|Any CPU
	EndGlobalSection
	GlobalSection(ProjectConfigurationPlatforms) = postSolution
		{62430E3B-1C1C-43EE-B623-85F46F085459}.Debug|Any CPU.ActiveCfg = Debug|Any CPU
		{62430E3B-1C1C-43EE-B623-85F46F085459}.Debug|Any CPU.Build.0 = Debug|Any CPU
		{62430E3B-1C1C-43EE-B623-85F46F085459}.Release|Any CPU.ActiveCfg = Release|Any CPU
		{62430E3B-1C1C-43EE-B623-85F46F085459}.Release|Any CPU.Build.0 = Release|Any CPU
		{7D84F1D5-5A91-4A6E-A7AD-0E23EC44D5E7}.Debug|Any CPU.ActiveCfg = Debug|Any CPU
		{7D84F1D5-5A91-4A6E-A7AD-0E23EC44D5E7}.Debug|Any CPU.Build.0 = Debug|Any CPU
		{7D84F1D5-5A91-4A6E-A7AD-0E23EC44D5E7}.Release|Any CPU.ActiveCfg = Release|Any CPU
		{7D84F1D5-5A91-4A6E-A7AD-0E23EC44D5E7}.Release|Any CPU.Build.0 = Release|Any CPU
		{E328AC95-4A34-49D8-A7A7-9109AEA4132F}.Debug|Any CPU.ActiveCfg = Debug|Any CPU
		{E328AC95-4A34-49D8-A7A7-9109AEA4132F}.Debug|Any CPU.Build.0 = Debug|Any CPU
		{E328AC95-4A34-49D8-A7A7-9109AEA4132F}.Release|Any CPU.ActiveCfg = Release|Any CPU
		{E328AC95-4A34-49D8-A7A7-9109AEA4132F}.Release|Any CPU.Build.0 = Release|Any CPU
		{A79BDA45-9D96-45A7-A49B-FB8412DC9E60}.Debug|Any CPU.ActiveCfg = Debug|Any CPU
		{A79BDA45-9D96-45A7-A49B-FB8412DC9E60}.Debug|Any CPU.Build.0 = Debug|Any CPU
		{A79BDA45-9D96-45A7-A49B-FB8412DC9E60}.Release|Any CPU.ActiveCfg = Release|Any CPU
		{A79BDA45-9D96-45A7-A49B-FB8412DC9E60}.Release|Any CPU.Build.0 = Release|Any CPU
	EndGlobalSection
	GlobalSection(SolutionProperties) = preSolution
		HideSolutionNode = FALSE
	EndGlobalSection
	GlobalSection(ExtensibilityGlobals) = postSolution
		SolutionGuid = {30D206B5-F14F-46F9-B5AE-9361349A6C4C}
	EndGlobalSection
EndGlobal
